
Microsoft Visual Studio Solution File, Format Version 12.00
# Visual Studio Version 16
VisualStudioVersion = 16.0.30804.86
MinimumVisualStudioVersion = 10.0.40219.1
Project("{FAE04EC0-301F-11D3-BF4B-00C04F79EFBC}") = "Twitter_Stream", "Twitter_Stream\Twitter_Stream.csproj", "{FD1A598E-DDA2-426C-8D6C-F70D09E955B7}"
EndProject
Global
	GlobalSection(SolutionConfigurationPlatforms) = preSolution
		Debug|Any CPU = Debug|Any CPU
		Release|Any CPU = Release|Any CPU
	EndGlobalSection
	GlobalSection(ProjectConfigurationPlatforms) = postSolution
		{FD1A598E-DDA2-426C-8D6C-F70D09E955B7}.Debug|Any CPU.ActiveCfg = Debug|Any CPU
		{FD1A598E-DDA2-426C-8D6C-F70D09E955B7}.Debug|Any CPU.Build.0 = Debug|Any CPU
		{FD1A598E-DDA2-426C-8D6C-F70D09E955B7}.Release|Any CPU.ActiveCfg = Release|Any CPU
		{FD1A598E-DDA2-426C-8D6C-F70D09E955B7}.Release|Any CPU.Build.0 = Release|Any CPU
	EndGlobalSection
	GlobalSection(SolutionProperties) = preSolution
		HideSolutionNode = FALSE
	EndGlobalSection
	GlobalSection(ExtensibilityGlobals) = postSolution
		SolutionGuid = {1F792B2A-28FD-4B12-99AA-F8FAEE22329A}
	EndGlobalSection
EndGlobal
